
Microsoft Visual Studio Solution File, Format Version 12.00
# Visual Studio Version 16
VisualStudioVersion = 16.0.31613.86
MinimumVisualStudioVersion = 10.0.40219.1
Project("{FAE04EC0-301F-11D3-BF4B-00C04F79EFBC}") = "NFTDemo", "NFTDemo.csproj", "{11FB0203-78CB-4B26-9476-4501D9005FF6}"
EndProject
Global
	GlobalSection(SolutionConfigurationPlatforms) = preSolution
		Debug|Any CPU = Debug|Any CPU
		Release|Any CPU = Release|Any CPU
	EndGlobalSection
	GlobalSection(ProjectConfigurationPlatforms) = postSolution
		{11FB0203-78CB-4B26-9476-4501D9005FF6}.Debug|Any CPU.ActiveCfg = Debug|Any CPU
		{11FB0203-78CB-4B26-9476-4501D9005FF6}.Debug|Any CPU.Build.0 = Debug|Any CPU
		{11FB0203-78CB-4B26-9476-4501D9005FF6}.Release|Any CPU.ActiveCfg = Release|Any CPU
		{11FB0203-78CB-4B26-9476-4501D9005FF6}.Release|Any CPU.Build.0 = Release|Any CPU
	EndGlobalSection
	GlobalSection(SolutionProperties) = preSolution
		HideSolutionNode = FALSE
	EndGlobalSection
	GlobalSection(ExtensibilityGlobals) = postSolution
		SolutionGuid = {798F9698-66B1-4C4C-A763-99A39E105AC8}
	EndGlobalSection
EndGlobal
